// !$*UTF8*$!
{
	archiveVersion = 1;
	classes = {
	};
	objectVersion = 50;
	objects = {

/* Begin PBXBuildFile section */
		DE7FBB5F246CB82C0094989C /* AppDelegate.swift in Sources */ = {isa = PBXBuildFile; fileRef = DE7FBB5E246CB82C0094989C /* AppDelegate.swift */; };
		DE7FBB61246CB82C0094989C /* GameScene.sks in Resources */ = {isa = PBXBuildFile; fileRef = DE7FBB60246CB82C0094989C /* GameScene.sks */; };
		DE7FBB65246CB82C0094989C /* GameScene.swift in Sources */ = {isa = PBXBuildFile; fileRef = DE7FBB64246CB82C0094989C /* GameScene.swift */; };
		DE7FBB67246CB82C0094989C /* GameViewController.swift in Sources */ = {isa = PBXBuildFile; fileRef = DE7FBB66246CB82C0094989C /* GameViewController.swift */; };
		DE7FBB6A246CB82C0094989C /* Main.storyboard in Resources */ = {isa = PBXBuildFile; fileRef = DE7FBB68246CB82C0094989C /* Main.storyboard */; };
		DE7FBB6C246CB82F0094989C /* Assets.xcassets in Resources */ = {isa = PBXBuildFile; fileRef = DE7FBB6B246CB82F0094989C /* Assets.xcassets */; };
		DE7FBB6F246CB82F0094989C /* LaunchScreen.storyboard in Resources */ = {isa = PBXBuildFile; fileRef = DE7FBB6D246CB82F0094989C /* LaunchScreen.storyboard */; };
		DE7FBB77246D26520094989C /* BuildingNode.swift in Sources */ = {isa = PBXBuildFile; fileRef = DE7FBB76246D26520094989C /* BuildingNode.swift */; };
		DE7FBB7A246D38410094989C /* hitBuilding.sks in Resources */ = {isa = PBXBuildFile; fileRef = DE7FBB78246D38410094989C /* hitBuilding.sks */; };
		DE7FBB7B246D38410094989C /* hitPlayer.sks in Resources */ = {isa = PBXBuildFile; fileRef = DE7FBB79246D38410094989C /* hitPlayer.sks */; };
		DE7FBB7D246D56D80094989C /* Wind.swift in Sources */ = {isa = PBXBuildFile; fileRef = DE7FBB7C246D56D80094989C /* Wind.swift */; };
/* End PBXBuildFile section */

/* Begin PBXFileReference section */
		DE7FBB5B246CB82C0094989C /* Project29.app */ = {isa = PBXFileReference; explicitFileType = wrapper.application; includeInIndex = 0; path = Project29.app; sourceTree = BUILT_PRODUCTS_DIR; };
		DE7FBB5E246CB82C0094989C /* AppDelegate.swift */ = {isa = PBXFileReference; lastKnownFileType = sourcecode.swift; path = AppDelegate.swift; sourceTree = "<group>"; };
		DE7FBB60246CB82C0094989C /* GameScene.sks */ = {isa = PBXFileReference; lastKnownFileType = file.sks; path = GameScene.sks; sourceTree = "<group>"; };
		DE7FBB64246CB82C0094989C /* GameScene.swift */ = {isa = PBXFileReference; lastKnownFileType = sourcecode.swift; path = GameScene.swift; sourceTree = "<group>"; };
		DE7FBB66246CB82C0094989C /* GameViewController.swift */ = {isa = PBXFileReference; lastKnownFileType = sourcecode.swift; path = GameViewController.swift; sourceTree = "<group>"; };
		DE7FBB69246CB82C0094989C /* Base */ = {isa = PBXFileReference; lastKnownFileType = file.storyboard; name = Base; path = Base.lproj/Main.storyboard; sourceTree = "<group>"; };
		DE7FBB6B246CB82F0094989C /* Assets.xcassets */ = {isa = PBXFileReference; lastKnownFileType = folder.assetcatalog; path = Assets.xcassets; sourceTree = "<group>"; };
		DE7FBB6E246CB82F0094989C /* Base */ = {isa = PBXFileReference; lastKnownFileType = file.storyboard; name = Base; path = Base.lproj/LaunchScreen.storyboard; sourceTree = "<group>"; };
		DE7FBB70246CB82F0094989C /* Info.plist */ = {isa = PBXFileReference; lastKnownFileType = text.plist.xml; path = Info.plist; sourceTree = "<group>"; };
		DE7FBB76246D26520094989C /* BuildingNode.swift */ = {isa = PBXFileReference; lastKnownFileType = sourcecode.swift; path = BuildingNode.swift; sourceTree = "<group>"; };
		DE7FBB78246D38410094989C /* hitBuilding.sks */ = {isa = PBXFileReference; lastKnownFileType = file.sks; path = hitBuilding.sks; sourceTree = "<group>"; };
		DE7FBB79246D38410094989C /* hitPlayer.sks */ = {isa = PBXFileReference; lastKnownFileType = file.sks; path = hitPlayer.sks; sourceTree = "<group>"; };
		DE7FBB7C246D56D80094989C /* Wind.swift */ = {isa = PBXFileReference; lastKnownFileType = sourcecode.swift; path = Wind.swift; sourceTree = "<group>"; };
/* End PBXFileReference section */

/* Begin PBXFrameworksBuildPhase section */
		DE7FBB58246CB82C0094989C /* Frameworks */ = {
			isa = PBXFrameworksBuildPhase;
			buildActionMask = 2147483647;
			files = (
			);
			runOnlyForDeploymentPostprocessing = 0;
		};
/* End PBXFrameworksBuildPhase section */

/* Begin PBXGroup section */
		DE7FBB52246CB82C0094989C = {
			isa = PBXGroup;
			children = (
				DE7FBB5D246CB82C0094989C /* Project29 */,
				DE7FBB5C246CB82C0094989C /* Products */,
			);
			sourceTree = "<group>";
		};
		DE7FBB5C246CB82C0094989C /* Products */ = {
			isa = PBXGroup;
			children = (
				DE7FBB5B246CB82C0094989C /* Project29.app */,
			);
			name = Products;
			sourceTree = "<group>";
		};
		DE7FBB5D246CB82C0094989C /* Project29 */ = {
			isa = PBXGroup;
			children = (
				DE7FBB5E246CB82C0094989C /* AppDelegate.swift */,
				DE7FBB60246CB82C0094989C /* GameScene.sks */,
				DE7FBB64246CB82C0094989C /* GameScene.swift */,
				DE7FBB66246CB82C0094989C /* GameViewController.swift */,
				DE7FBB76246D26520094989C /* BuildingNode.swift */,
				DE7FBB7C246D56D80094989C /* Wind.swift */,
				DE7FBB68246CB82C0094989C /* Main.storyboard */,
				DE7FBB6B246CB82F0094989C /* Assets.xcassets */,
				DE7FBB6D246CB82F0094989C /* LaunchScreen.storyboard */,
				DE7FBB70246CB82F0094989C /* Info.plist */,
				DE7FBB78246D38410094989C /* hitBuilding.sks */,
				DE7FBB79246D38410094989C /* hitPlayer.sks */,
			);
			path = Project29;
			sourceTree = "<group>";
		};
/* End PBXGroup section */

/* Begin PBXNativeTarget section */
		DE7FBB5A246CB82C0094989C /* Project29 */ = {
			isa = PBXNativeTarget;
			buildConfigurationList = DE7FBB73246CB82F0094989C /* Build configuration list for PBXNativeTarget "Project29" */;
			buildPhases = (
				DE7FBB57246CB82C0094989C /* Sources */,
				DE7FBB58246CB82C0094989C /* Frameworks */,
				DE7FBB59246CB82C0094989C /* Resources */,
			);
			buildRules = (
			);
			dependencies = (
			);
			name = Project29;
			productName = Project29;
			productReference = DE7FBB5B246CB82C0094989C /* Project29.app */;
			productType = "com.apple.product-type.application";
		};
/* End PBXNativeTarget section */

/* Begin PBXProject section */
		DE7FBB53246CB82C0094989C /* Project object */ = {
			isa = PBXProject;
			attributes = {
				LastSwiftUpdateCheck = 1140;
				LastUpgradeCheck = 1140;
				ORGANIZATIONNAME = jakcharvat;
				TargetAttributes = {
					DE7FBB5A246CB82C0094989C = {
						CreatedOnToolsVersion = 11.4.1;
					};
				};
			};
			buildConfigurationList = DE7FBB56246CB82C0094989C /* Build configuration list for PBXProject "Project29" */;
			compatibilityVersion = "Xcode 9.3";
			developmentRegion = en;
			hasScannedForEncodings = 0;
			knownRegions = (
				en,
				Base,
			);
			mainGroup = DE7FBB52246CB82C0094989C;
			productRefGroup = DE7FBB5C246CB82C0094989C /* Products */;
			projectDirPath = "";
			projectRoot = "";
			targets = (
				DE7FBB5A246CB82C0094989C /* Project29 */,
			);
		};
/* End PBXProject section */

/* Begin PBXResourcesBuildPhase section */
		DE7FBB59246CB82C0094989C /* Resources */ = {
			isa = PBXResourcesBuildPhase;
			buildActionMask = 2147483647;
			files = (
				DE7FBB6A246CB82C0094989C /* Main.storyboard in Resources */,
				DE7FBB7A246D38410094989C /* hitBuilding.sks in Resources */,
				DE7FBB7B246D38410094989C /* hitPlayer.sks in Resources */,
				DE7FBB61246CB82C0094989C /* GameScene.sks in Resources */,
				DE7FBB6C246CB82F0094989C /* Assets.xcassets in Resources */,
				DE7FBB6F246CB82F0094989C /* LaunchScreen.storyboard in Resources */,
			);
			runOnlyForDeploymentPostprocessing = 0;
		};
/* End PBXResourcesBuildPhase section */

/* Begin PBXSourcesBuildPhase section */
		DE7FBB57246CB82C0094989C /* Sources */ = {
			isa = PBXSourcesBuildPhase;
			buildActionMask = 2147483647;
			files = (
				DE7FBB65246CB82C0094989C /* GameScene.swift in Sources */,
				DE7FBB7D246D56D80094989C /* Wind.swift in Sources */,
				DE7FBB77246D26520094989C /* BuildingNode.swift in Sources */,
				DE7FBB67246CB82C0094989C /* GameViewController.swift in Sources */,
				DE7FBB5F246CB82C0094989C /* AppDelegate.swift in Sources */,
			);
			runOnlyForDeploymentPostprocessing = 0;
		};
/* End PBXSourcesBuildPhase section */

/* Begin PBXVariantGroup section */
		DE7FBB68246CB82C0094989C /* Main.storyboard */ = {
			isa = PBXVariantGroup;
			children = (
				DE7FBB69246CB82C0094989C /* Base */,
			);
			name = Main.storyboard;
			sourceTree = "<group>";
		};
		DE7FBB6D246CB82F0094989C /* LaunchScreen.storyboard */ = {
			isa = PBXVariantGroup;
			children = (
				DE7FBB6E246CB82F0094989C /* Base */,
			);
			name = LaunchScreen.storyboard;
			sourceTree = "<group>";
		};
/* End PBXVariantGroup section */

/* Begin XCBuildConfiguration section */
		DE7FBB71246CB82F0094989C /* Debug */ = {
			isa = XCBuildConfiguration;
			buildSettings = {
				ALWAYS_SEARCH_USER_PATHS = NO;
				CLANG_ANALYZER_NONNULL = YES;
				CLANG_ANALYZER_NUMBER_OBJECT_CONVERSION = YES_AGGRESSIVE;
				CLANG_CXX_LANGUAGE_STANDARD = "gnu++14";
				CLANG_CXX_LIBRARY = "libc++";
				CLANG_ENABLE_MODULES = YES;
				CLANG_ENABLE_OBJC_ARC = YES;
				CLANG_ENABLE_OBJC_WEAK = YES;
				CLANG_WARN_BLOCK_CAPTURE_AUTORELEASING = YES;
				CLANG_WARN_BOOL_CONVERSION = YES;
				CLANG_WARN_COMMA = YES;
				CLANG_WARN_CONSTANT_CONVERSION = YES;
				CLANG_WARN_DEPRECATED_OBJC_IMPLEMENTATIONS = YES;
				CLANG_WARN_DIRECT_OBJC_ISA_USAGE = YES_ERROR;
				CLANG_WARN_DOCUMENTATION_COMMENTS = YES;
				CLANG_WARN_EMPTY_BODY = YES;
				CLANG_WARN_ENUM_CONVERSION = YES;
				CLANG_WARN_INFINITE_RECURSION = YES;
				CLANG_WARN_INT_CONVERSION = YES;
				CLANG_WARN_NON_LITERAL_NULL_CONVERSION = YES;
				CLANG_WARN_OBJC_IMPLICIT_RETAIN_SELF = YES;
				CLANG_WARN_OBJC_LITERAL_CONVERSION = YES;
				CLANG_WARN_OBJC_ROOT_CLASS = YES_ERROR;
				CLANG_WARN_RANGE_LOOP_ANALYSIS = YES;
				CLANG_WARN_STRICT_PROTOTYPES = YES;
				CLANG_WARN_SUSPICIOUS_MOVE = YES;
				CLANG_WARN_UNGUARDED_AVAILABILITY = YES_AGGRESSIVE;
				CLANG_WARN_UNREACHABLE_CODE = YES;
				CLANG_WARN__DUPLICATE_METHOD_MATCH = YES;
				COPY_PHASE_STRIP = NO;
				DEBUG_INFORMATION_FORMAT = dwarf;
				ENABLE_STRICT_OBJC_MSGSEND = YES;
				ENABLE_TESTABILITY = YES;
				GCC_C_LANGUAGE_STANDARD = gnu11;
				GCC_DYNAMIC_NO_PIC = NO;
				GCC_NO_COMMON_BLOCKS = YES;
				GCC_OPTIMIZATION_LEVEL = 0;
				GCC_PREPROCESSOR_DEFINITIONS = (
					"DEBUG=1",
					"$(inherited)",
				);
				GCC_WARN_64_TO_32_BIT_CONVERSION = YES;
				GCC_WARN_ABOUT_RETURN_TYPE = YES_ERROR;
				GCC_WARN_UNDECLARED_SELECTOR = YES;
				GCC_WARN_UNINITIALIZED_AUTOS = YES_AGGRESSIVE;
				GCC_WARN_UNUSED_FUNCTION = YES;
				GCC_WARN_UNUSED_VARIABLE = YES;
				IPHONEOS_DEPLOYMENT_TARGET = 13.4;
				MTL_ENABLE_DEBUG_INFO = INCLUDE_SOURCE;
				MTL_FAST_MATH = YES;
				ONLY_ACTIVE_ARCH = YES;
				SDKROOT = iphoneos;
				SWIFT_ACTIVE_COMPILATION_CONDITIONS = DEBUG;
				SWIFT_OPTIMIZATION_LEVEL = "-Onone";
			};
			name = Debug;
		};
		DE7FBB72246CB82F0094989C /* Release */ = {
			isa = XCBuildConfiguration;
			buildSettings = {
				ALWAYS_SEARCH_USER_PATHS = NO;
				CLANG_ANALYZER_NONNULL = YES;
				CLANG_ANALYZER_NUMBER_OBJECT_CONVERSION = YES_AGGRESSIVE;
				CLANG_CXX_LANGUAGE_STANDARD = "gnu++14";
				CLANG_CXX_LIBRARY = "libc++";
				CLANG_ENABLE_MODULES = YES;
				CLANG_ENABLE_OBJC_ARC = YES;
				CLANG_ENABLE_OBJC_WEAK = YES;
				CLANG_WARN_BLOCK_CAPTURE_AUTORELEASING = YES;
				CLANG_WARN_BOOL_CONVERSION = YES;
				CLANG_WARN_COMMA = YES;
				CLANG_WARN_CONSTANT_CONVERSION = YES;
				CLANG_WARN_DEPRECATED_OBJC_IMPLEMENTATIONS = YES;
				CLANG_WARN_DIRECT_OBJC_ISA_USAGE = YES_ERROR;
				CLANG_WARN_DOCUMENTATION_COMMENTS = YES;
				CLANG_WARN_EMPTY_BODY = YES;
				CLANG_WARN_ENUM_CONVERSION = YES;
				CLANG_WARN_INFINITE_RECURSION = YES;
				CLANG_WARN_INT_CONVERSION = YES;
				CLANG_WARN_NON_LITERAL_NULL_CONVERSION = YES;
				CLANG_WARN_OBJC_IMPLICIT_RETAIN_SELF = YES;
				CLANG_WARN_OBJC_LITERAL_CONVERSION = YES;
				CLANG_WARN_OBJC_ROOT_CLASS = YES_ERROR;
				CLANG_WARN_RANGE_LOOP_ANALYSIS = YES;
				CLANG_WARN_STRICT_PROTOTYPES = YES;
				CLANG_WARN_SUSPICIOUS_MOVE = YES;
				CLANG_WARN_UNGUARDED_AVAILABILITY = YES_AGGRESSIVE;
				CLANG_WARN_UNREACHABLE_CODE = YES;
				CLANG_WARN__DUPLICATE_METHOD_MATCH = YES;
				COPY_PHASE_STRIP = NO;
				DEBUG_INFORMATION_FORMAT = "dwarf-with-dsym";
				ENABLE_NS_ASSERTIONS = NO;
				ENABLE_STRICT_OBJC_MSGSEND = YES;
				GCC_C_LANGUAGE_STANDARD = gnu11;
				GCC_NO_COMMON_BLOCKS = YES;
				GCC_WARN_64_TO_32_BIT_CONVERSION = YES;
				GCC_WARN_ABOUT_RETURN_TYPE = YES_ERROR;
				GCC_WARN_UNDECLARED_SELECTOR = YES;
				GCC_WARN_UNINITIALIZED_AUTOS = YES_AGGRESSIVE;
				GCC_WARN_UNUSED_FUNCTION = YES;
				GCC_WARN_UNUSED_VARIABLE = YES;
				IPHONEOS_DEPLOYMENT_TARGET = 13.4;
				MTL_ENABLE_DEBUG_INFO = NO;
				MTL_FAST_MATH = YES;
				SDKROOT = iphoneos;
				SWIFT_COMPILATION_MODE = wholemodule;
				SWIFT_OPTIMIZATION_LEVEL = "-O";
				VALIDATE_PRODUCT = YES;
			};
			name = Release;
		};
		DE7FBB74246CB82F0094989C /* Debug */ = {
			isa = XCBuildConfiguration;
			buildSettings = {
				ASSETCATALOG_COMPILER_APPICON_NAME = AppIcon;
				CODE_SIGN_STYLE = Automatic;
				DEVELOPMENT_TEAM = P4L2M42FLR;
				INFOPLIST_FILE = Project29/Info.plist;
				LD_RUNPATH_SEARCH_PATHS = (
					"$(inherited)",
					"@executable_path/Frameworks",
				);
				PRODUCT_BUNDLE_IDENTIFIER = dev.jakcharvat.Project29;
				PRODUCT_NAME = "$(TARGET_NAME)";
				SUPPORTED_PLATFORMS = "iphonesimulator iphoneos";
				SWIFT_VERSION = 5.0;
				TARGETED_DEVICE_FAMILY = 2;
			};
			name = Debug;
		};
		DE7FBB75246CB82F0094989C /* Release */ = {
			isa = XCBuildConfiguration;
			buildSettings = {
				ASSETCATALOG_COMPILER_APPICON_NAME = AppIcon;
				CODE_SIGN_STYLE = Automatic;
				DEVELOPMENT_TEAM = P4L2M42FLR;
				INFOPLIST_FILE = Project29/Info.plist;
				LD_RUNPATH_SEARCH_PATHS = (
					"$(inherited)",
					"@executable_path/Frameworks",
				);
				PRODUCT_BUNDLE_IDENTIFIER = dev.jakcharvat.Project29;
				PRODUCT_NAME = "$(TARGET_NAME)";
				SUPPORTED_PLATFORMS = "iphonesimulator iphoneos";
				SWIFT_VERSION = 5.0;
				TARGETED_DEVICE_FAMILY = 2;
			};
			name = Release;
		};
/* End XCBuildConfiguration section */

/* Begin XCConfigurationList section */
		DE7FBB56246CB82C0094989C /* Build configuration list for PBXProject "Project29" */ = {
			isa = XCConfigurationList;
			buildConfigurations = (
				DE7FBB71246CB82F0094989C /* Debug */,
				DE7FBB72246CB82F0094989C /* Release */,
			);
			defaultConfigurationIsVisible = 0;
			defaultConfigurationName = Release;
		};
		DE7FBB73246CB82F0094989C /* Build configuration list for PBXNativeTarget "Project29" */ = {
			isa = XCConfigurationList;
			buildConfigurations = (
				DE7FBB74246CB82F0094989C /* Debug */,
				DE7FBB75246CB82F0094989C /* Release */,
			);
			defaultConfigurationIsVisible = 0;
			defaultConfigurationName = Release;
		};
/* End XCConfigurationList section */
	};
	rootObject = DE7FBB53246CB82C0094989C /* Project object */;
}
