// !$*UTF8*$!
{
	archiveVersion = 1;
	classes = {
	};
	objectVersion = 50;
	objects = {

/* Begin PBXBuildFile section */
		DE54F03124697731007AEC26 /* AppDelegate.swift in Sources */ = {isa = PBXBuildFile; fileRef = DE54F03024697731007AEC26 /* AppDelegate.swift */; };
		DE54F03324697731007AEC26 /* SceneDelegate.swift in Sources */ = {isa = PBXBuildFile; fileRef = DE54F03224697731007AEC26 /* SceneDelegate.swift */; };
		DE54F03524697731007AEC26 /* ViewController.swift in Sources */ = {isa = PBXBuildFile; fileRef = DE54F03424697731007AEC26 /* ViewController.swift */; };
		DE54F03824697731007AEC26 /* Main.storyboard in Resources */ = {isa = PBXBuildFile; fileRef = DE54F03624697731007AEC26 /* Main.storyboard */; };
		DE54F03A24697732007AEC26 /* Assets.xcassets in Resources */ = {isa = PBXBuildFile; fileRef = DE54F03924697732007AEC26 /* Assets.xcassets */; };
		DE54F03D24697732007AEC26 /* LaunchScreen.storyboard in Resources */ = {isa = PBXBuildFile; fileRef = DE54F03B24697732007AEC26 /* LaunchScreen.storyboard */; };
		DE54F045246979F9007AEC26 /* Settings.bundle in Resources */ = {isa = PBXBuildFile; fileRef = DE54F044246979F9007AEC26 /* Settings.bundle */; };
/* End PBXBuildFile section */

/* Begin PBXFileReference section */
		DE54F02D24697731007AEC26 /* Project22.app */ = {isa = PBXFileReference; explicitFileType = wrapper.application; includeInIndex = 0; path = Project22.app; sourceTree = BUILT_PRODUCTS_DIR; };
		DE54F03024697731007AEC26 /* AppDelegate.swift */ = {isa = PBXFileReference; lastKnownFileType = sourcecode.swift; path = AppDelegate.swift; sourceTree = "<group>"; };
		DE54F03224697731007AEC26 /* SceneDelegate.swift */ = {isa = PBXFileReference; lastKnownFileType = sourcecode.swift; path = SceneDelegate.swift; sourceTree = "<group>"; };
		DE54F03424697731007AEC26 /* ViewController.swift */ = {isa = PBXFileReference; lastKnownFileType = sourcecode.swift; path = ViewController.swift; sourceTree = "<group>"; };
		DE54F03724697731007AEC26 /* Base */ = {isa = PBXFileReference; lastKnownFileType = file.storyboard; name = Base; path = Base.lproj/Main.storyboard; sourceTree = "<group>"; };
		DE54F03924697732007AEC26 /* Assets.xcassets */ = {isa = PBXFileReference; lastKnownFileType = folder.assetcatalog; path = Assets.xcassets; sourceTree = "<group>"; };
		DE54F03C24697732007AEC26 /* Base */ = {isa = PBXFileReference; lastKnownFileType = file.storyboard; name = Base; path = Base.lproj/LaunchScreen.storyboard; sourceTree = "<group>"; };
		DE54F03E24697732007AEC26 /* Info.plist */ = {isa = PBXFileReference; lastKnownFileType = text.plist.xml; path = Info.plist; sourceTree = "<group>"; };
		DE54F044246979F9007AEC26 /* Settings.bundle */ = {isa = PBXFileReference; lastKnownFileType = "wrapper.plug-in"; path = Settings.bundle; sourceTree = "<group>"; };
/* End PBXFileReference section */

/* Begin PBXFrameworksBuildPhase section */
		DE54F02A24697731007AEC26 /* Frameworks */ = {
			isa = PBXFrameworksBuildPhase;
			buildActionMask = 2147483647;
			files = (
			);
			runOnlyForDeploymentPostprocessing = 0;
		};
/* End PBXFrameworksBuildPhase section */

/* Begin PBXGroup section */
		DE54F02424697731007AEC26 = {
			isa = PBXGroup;
			children = (
				DE54F02F24697731007AEC26 /* Project22 */,
				DE54F02E24697731007AEC26 /* Products */,
			);
			sourceTree = "<group>";
		};
		DE54F02E24697731007AEC26 /* Products */ = {
			isa = PBXGroup;
			children = (
				DE54F02D24697731007AEC26 /* Project22.app */,
			);
			name = Products;
			sourceTree = "<group>";
		};
		DE54F02F24697731007AEC26 /* Project22 */ = {
			isa = PBXGroup;
			children = (
				DE54F03024697731007AEC26 /* AppDelegate.swift */,
				DE54F03224697731007AEC26 /* SceneDelegate.swift */,
				DE54F03424697731007AEC26 /* ViewController.swift */,
				DE54F03624697731007AEC26 /* Main.storyboard */,
				DE54F03924697732007AEC26 /* Assets.xcassets */,
				DE54F03B24697732007AEC26 /* LaunchScreen.storyboard */,
				DE54F044246979F9007AEC26 /* Settings.bundle */,
				DE54F03E24697732007AEC26 /* Info.plist */,
			);
			path = Project22;
			sourceTree = "<group>";
		};
/* End PBXGroup section */

/* Begin PBXNativeTarget section */
		DE54F02C24697731007AEC26 /* Project22 */ = {
			isa = PBXNativeTarget;
			buildConfigurationList = DE54F04124697732007AEC26 /* Build configuration list for PBXNativeTarget "Project22" */;
			buildPhases = (
				DE54F02924697731007AEC26 /* Sources */,
				DE54F02A24697731007AEC26 /* Frameworks */,
				DE54F02B24697731007AEC26 /* Resources */,
			);
			buildRules = (
			);
			dependencies = (
			);
			name = Project22;
			productName = Project22;
			productReference = DE54F02D24697731007AEC26 /* Project22.app */;
			productType = "com.apple.product-type.application";
		};
/* End PBXNativeTarget section */

/* Begin PBXProject section */
		DE54F02524697731007AEC26 /* Project object */ = {
			isa = PBXProject;
			attributes = {
				LastSwiftUpdateCheck = 1140;
				LastUpgradeCheck = 1140;
				ORGANIZATIONNAME = jakcharvat;
				TargetAttributes = {
					DE54F02C24697731007AEC26 = {
						CreatedOnToolsVersion = 11.4.1;
					};
				};
			};
			buildConfigurationList = DE54F02824697731007AEC26 /* Build configuration list for PBXProject "Project22" */;
			compatibilityVersion = "Xcode 9.3";
			developmentRegion = en;
			hasScannedForEncodings = 0;
			knownRegions = (
				en,
				Base,
			);
			mainGroup = DE54F02424697731007AEC26;
			productRefGroup = DE54F02E24697731007AEC26 /* Products */;
			projectDirPath = "";
			projectRoot = "";
			targets = (
				DE54F02C24697731007AEC26 /* Project22 */,
			);
		};
/* End PBXProject section */

/* Begin PBXResourcesBuildPhase section */
		DE54F02B24697731007AEC26 /* Resources */ = {
			isa = PBXResourcesBuildPhase;
			buildActionMask = 2147483647;
			files = (
				DE54F045246979F9007AEC26 /* Settings.bundle in Resources */,
				DE54F03D24697732007AEC26 /* LaunchScreen.storyboard in Resources */,
				DE54F03A24697732007AEC26 /* Assets.xcassets in Resources */,
				DE54F03824697731007AEC26 /* Main.storyboard in Resources */,
			);
			runOnlyForDeploymentPostprocessing = 0;
		};
/* End PBXResourcesBuildPhase section */

/* Begin PBXSourcesBuildPhase section */
		DE54F02924697731007AEC26 /* Sources */ = {
			isa = PBXSourcesBuildPhase;
			buildActionMask = 2147483647;
			files = (
				DE54F03524697731007AEC26 /* ViewController.swift in Sources */,
				DE54F03124697731007AEC26 /* AppDelegate.swift in Sources */,
				DE54F03324697731007AEC26 /* SceneDelegate.swift in Sources */,
			);
			runOnlyForDeploymentPostprocessing = 0;
		};
/* End PBXSourcesBuildPhase section */

/* Begin PBXVariantGroup section */
		DE54F03624697731007AEC26 /* Main.storyboard */ = {
			isa = PBXVariantGroup;
			children = (
				DE54F03724697731007AEC26 /* Base */,
			);
			name = Main.storyboard;
			sourceTree = "<group>";
		};
		DE54F03B24697732007AEC26 /* LaunchScreen.storyboard */ = {
			isa = PBXVariantGroup;
			children = (
				DE54F03C24697732007AEC26 /* Base */,
			);
			name = LaunchScreen.storyboard;
			sourceTree = "<group>";
		};
/* End PBXVariantGroup section */

/* Begin XCBuildConfiguration section */
		DE54F03F24697732007AEC26 /* Debug */ = {
			isa = XCBuildConfiguration;
			buildSettings = {
				ALWAYS_SEARCH_USER_PATHS = NO;
				CLANG_ANALYZER_NONNULL = YES;
				CLANG_ANALYZER_NUMBER_OBJECT_CONVERSION = YES_AGGRESSIVE;
				CLANG_CXX_LANGUAGE_STANDARD = "gnu++14";
				CLANG_CXX_LIBRARY = "libc++";
				CLANG_ENABLE_MODULES = YES;
				CLANG_ENABLE_OBJC_ARC = YES;
				CLANG_ENABLE_OBJC_WEAK = YES;
				CLANG_WARN_BLOCK_CAPTURE_AUTORELEASING = YES;
				CLANG_WARN_BOOL_CONVERSION = YES;
				CLANG_WARN_COMMA = YES;
				CLANG_WARN_CONSTANT_CONVERSION = YES;
				CLANG_WARN_DEPRECATED_OBJC_IMPLEMENTATIONS = YES;
				CLANG_WARN_DIRECT_OBJC_ISA_USAGE = YES_ERROR;
				CLANG_WARN_DOCUMENTATION_COMMENTS = YES;
				CLANG_WARN_EMPTY_BODY = YES;
				CLANG_WARN_ENUM_CONVERSION = YES;
				CLANG_WARN_INFINITE_RECURSION = YES;
				CLANG_WARN_INT_CONVERSION = YES;
				CLANG_WARN_NON_LITERAL_NULL_CONVERSION = YES;
				CLANG_WARN_OBJC_IMPLICIT_RETAIN_SELF = YES;
				CLANG_WARN_OBJC_LITERAL_CONVERSION = YES;
				CLANG_WARN_OBJC_ROOT_CLASS = YES_ERROR;
				CLANG_WARN_RANGE_LOOP_ANALYSIS = YES;
				CLANG_WARN_STRICT_PROTOTYPES = YES;
				CLANG_WARN_SUSPICIOUS_MOVE = YES;
				CLANG_WARN_UNGUARDED_AVAILABILITY = YES_AGGRESSIVE;
				CLANG_WARN_UNREACHABLE_CODE = YES;
				CLANG_WARN__DUPLICATE_METHOD_MATCH = YES;
				COPY_PHASE_STRIP = NO;
				DEBUG_INFORMATION_FORMAT = dwarf;
				ENABLE_STRICT_OBJC_MSGSEND = YES;
				ENABLE_TESTABILITY = YES;
				GCC_C_LANGUAGE_STANDARD = gnu11;
				GCC_DYNAMIC_NO_PIC = NO;
				GCC_NO_COMMON_BLOCKS = YES;
				GCC_OPTIMIZATION_LEVEL = 0;
				GCC_PREPROCESSOR_DEFINITIONS = (
					"DEBUG=1",
					"$(inherited)",
				);
				GCC_WARN_64_TO_32_BIT_CONVERSION = YES;
				GCC_WARN_ABOUT_RETURN_TYPE = YES_ERROR;
				GCC_WARN_UNDECLARED_SELECTOR = YES;
				GCC_WARN_UNINITIALIZED_AUTOS = YES_AGGRESSIVE;
				GCC_WARN_UNUSED_FUNCTION = YES;
				GCC_WARN_UNUSED_VARIABLE = YES;
				IPHONEOS_DEPLOYMENT_TARGET = 13.4;
				MTL_ENABLE_DEBUG_INFO = INCLUDE_SOURCE;
				MTL_FAST_MATH = YES;
				ONLY_ACTIVE_ARCH = YES;
				SDKROOT = iphoneos;
				SWIFT_ACTIVE_COMPILATION_CONDITIONS = DEBUG;
				SWIFT_OPTIMIZATION_LEVEL = "-Onone";
			};
			name = Debug;
		};
		DE54F04024697732007AEC26 /* Release */ = {
			isa = XCBuildConfiguration;
			buildSettings = {
				ALWAYS_SEARCH_USER_PATHS = NO;
				CLANG_ANALYZER_NONNULL = YES;
				CLANG_ANALYZER_NUMBER_OBJECT_CONVERSION = YES_AGGRESSIVE;
				CLANG_CXX_LANGUAGE_STANDARD = "gnu++14";
				CLANG_CXX_LIBRARY = "libc++";
				CLANG_ENABLE_MODULES = YES;
				CLANG_ENABLE_OBJC_ARC = YES;
				CLANG_ENABLE_OBJC_WEAK = YES;
				CLANG_WARN_BLOCK_CAPTURE_AUTORELEASING = YES;
				CLANG_WARN_BOOL_CONVERSION = YES;
				CLANG_WARN_COMMA = YES;
				CLANG_WARN_CONSTANT_CONVERSION = YES;
				CLANG_WARN_DEPRECATED_OBJC_IMPLEMENTATIONS = YES;
				CLANG_WARN_DIRECT_OBJC_ISA_USAGE = YES_ERROR;
				CLANG_WARN_DOCUMENTATION_COMMENTS = YES;
				CLANG_WARN_EMPTY_BODY = YES;
				CLANG_WARN_ENUM_CONVERSION = YES;
				CLANG_WARN_INFINITE_RECURSION = YES;
				CLANG_WARN_INT_CONVERSION = YES;
				CLANG_WARN_NON_LITERAL_NULL_CONVERSION = YES;
				CLANG_WARN_OBJC_IMPLICIT_RETAIN_SELF = YES;
				CLANG_WARN_OBJC_LITERAL_CONVERSION = YES;
				CLANG_WARN_OBJC_ROOT_CLASS = YES_ERROR;
				CLANG_WARN_RANGE_LOOP_ANALYSIS = YES;
				CLANG_WARN_STRICT_PROTOTYPES = YES;
				CLANG_WARN_SUSPICIOUS_MOVE = YES;
				CLANG_WARN_UNGUARDED_AVAILABILITY = YES_AGGRESSIVE;
				CLANG_WARN_UNREACHABLE_CODE = YES;
				CLANG_WARN__DUPLICATE_METHOD_MATCH = YES;
				COPY_PHASE_STRIP = NO;
				DEBUG_INFORMATION_FORMAT = "dwarf-with-dsym";
				ENABLE_NS_ASSERTIONS = NO;
				ENABLE_STRICT_OBJC_MSGSEND = YES;
				GCC_C_LANGUAGE_STANDARD = gnu11;
				GCC_NO_COMMON_BLOCKS = YES;
				GCC_WARN_64_TO_32_BIT_CONVERSION = YES;
				GCC_WARN_ABOUT_RETURN_TYPE = YES_ERROR;
				GCC_WARN_UNDECLARED_SELECTOR = YES;
				GCC_WARN_UNINITIALIZED_AUTOS = YES_AGGRESSIVE;
				GCC_WARN_UNUSED_FUNCTION = YES;
				GCC_WARN_UNUSED_VARIABLE = YES;
				IPHONEOS_DEPLOYMENT_TARGET = 13.4;
				MTL_ENABLE_DEBUG_INFO = NO;
				MTL_FAST_MATH = YES;
				SDKROOT = iphoneos;
				SWIFT_COMPILATION_MODE = wholemodule;
				SWIFT_OPTIMIZATION_LEVEL = "-O";
				VALIDATE_PRODUCT = YES;
			};
			name = Release;
		};
		DE54F04224697732007AEC26 /* Debug */ = {
			isa = XCBuildConfiguration;
			buildSettings = {
				ASSETCATALOG_COMPILER_APPICON_NAME = AppIcon;
				CODE_SIGN_STYLE = Automatic;
				DEVELOPMENT_TEAM = P4L2M42FLR;
				INFOPLIST_FILE = Project22/Info.plist;
				LD_RUNPATH_SEARCH_PATHS = (
					"$(inherited)",
					"@executable_path/Frameworks",
				);
				PRODUCT_BUNDLE_IDENTIFIER = dev.jakcharvat.Project22;
				PRODUCT_NAME = "$(TARGET_NAME)";
				SWIFT_VERSION = 5.0;
				TARGETED_DEVICE_FAMILY = "1,2";
			};
			name = Debug;
		};
		DE54F04324697732007AEC26 /* Release */ = {
			isa = XCBuildConfiguration;
			buildSettings = {
				ASSETCATALOG_COMPILER_APPICON_NAME = AppIcon;
				CODE_SIGN_STYLE = Automatic;
				DEVELOPMENT_TEAM = P4L2M42FLR;
				INFOPLIST_FILE = Project22/Info.plist;
				LD_RUNPATH_SEARCH_PATHS = (
					"$(inherited)",
					"@executable_path/Frameworks",
				);
				PRODUCT_BUNDLE_IDENTIFIER = dev.jakcharvat.Project22;
				PRODUCT_NAME = "$(TARGET_NAME)";
				SWIFT_VERSION = 5.0;
				TARGETED_DEVICE_FAMILY = "1,2";
			};
			name = Release;
		};
/* End XCBuildConfiguration section */

/* Begin XCConfigurationList section */
		DE54F02824697731007AEC26 /* Build configuration list for PBXProject "Project22" */ = {
			isa = XCConfigurationList;
			buildConfigurations = (
				DE54F03F24697732007AEC26 /* Debug */,
				DE54F04024697732007AEC26 /* Release */,
			);
			defaultConfigurationIsVisible = 0;
			defaultConfigurationName = Release;
		};
		DE54F04124697732007AEC26 /* Build configuration list for PBXNativeTarget "Project22" */ = {
			isa = XCConfigurationList;
			buildConfigurations = (
				DE54F04224697732007AEC26 /* Debug */,
				DE54F04324697732007AEC26 /* Release */,
			);
			defaultConfigurationIsVisible = 0;
			defaultConfigurationName = Release;
		};
/* End XCConfigurationList section */
	};
	rootObject = DE54F02524697731007AEC26 /* Project object */;
}
