// !$*UTF8*$!
{
	archiveVersion = 1;
	classes = {
	};
	objectVersion = 52;
	objects = {

/* Begin PBXBuildFile section */
		DE8880B32486ADC500BB4C7B /* AppDelegate.swift in Sources */ = {isa = PBXBuildFile; fileRef = DE8880B22486ADC500BB4C7B /* AppDelegate.swift */; };
		DE8880B52486ADC500BB4C7B /* ViewController.swift in Sources */ = {isa = PBXBuildFile; fileRef = DE8880B42486ADC500BB4C7B /* ViewController.swift */; };
		DE8880B72486ADC600BB4C7B /* Assets.xcassets in Resources */ = {isa = PBXBuildFile; fileRef = DE8880B62486ADC600BB4C7B /* Assets.xcassets */; };
		DE8880BA2486ADC600BB4C7B /* Main.storyboard in Resources */ = {isa = PBXBuildFile; fileRef = DE8880B82486ADC600BB4C7B /* Main.storyboard */; };
		DE8880C42486B6DE00BB4C7B /* KeychainSwift in Frameworks */ = {isa = PBXBuildFile; productRef = DE8880C32486B6DE00BB4C7B /* KeychainSwift */; };
		DE8880C62486C02300BB4C7B /* OpenWeatherMap.swift in Sources */ = {isa = PBXBuildFile; fileRef = DE8880C52486C02300BB4C7B /* OpenWeatherMap.swift */; };
		DECBB77F2487953F00A6584A /* OpenWeatherMapResponse.swift in Sources */ = {isa = PBXBuildFile; fileRef = DECBB77E2487953F00A6584A /* OpenWeatherMapResponse.swift */; };
/* End PBXBuildFile section */

/* Begin PBXFileReference section */
		DE8880AF2486ADC500BB4C7B /* WeatherBad.app */ = {isa = PBXFileReference; explicitFileType = wrapper.application; includeInIndex = 0; path = WeatherBad.app; sourceTree = BUILT_PRODUCTS_DIR; };
		DE8880B22486ADC500BB4C7B /* AppDelegate.swift */ = {isa = PBXFileReference; lastKnownFileType = sourcecode.swift; path = AppDelegate.swift; sourceTree = "<group>"; };
		DE8880B42486ADC500BB4C7B /* ViewController.swift */ = {isa = PBXFileReference; lastKnownFileType = sourcecode.swift; path = ViewController.swift; sourceTree = "<group>"; };
		DE8880B62486ADC600BB4C7B /* Assets.xcassets */ = {isa = PBXFileReference; lastKnownFileType = folder.assetcatalog; path = Assets.xcassets; sourceTree = "<group>"; };
		DE8880B92486ADC600BB4C7B /* Base */ = {isa = PBXFileReference; lastKnownFileType = file.storyboard; name = Base; path = Base.lproj/Main.storyboard; sourceTree = "<group>"; };
		DE8880BB2486ADC600BB4C7B /* Info.plist */ = {isa = PBXFileReference; lastKnownFileType = text.plist.xml; path = Info.plist; sourceTree = "<group>"; };
		DE8880BC2486ADC600BB4C7B /* WeatherBad.entitlements */ = {isa = PBXFileReference; lastKnownFileType = text.plist.entitlements; path = WeatherBad.entitlements; sourceTree = "<group>"; };
		DE8880C52486C02300BB4C7B /* OpenWeatherMap.swift */ = {isa = PBXFileReference; lastKnownFileType = sourcecode.swift; path = OpenWeatherMap.swift; sourceTree = "<group>"; };
		DECBB77E2487953F00A6584A /* OpenWeatherMapResponse.swift */ = {isa = PBXFileReference; lastKnownFileType = sourcecode.swift; path = OpenWeatherMapResponse.swift; sourceTree = "<group>"; };
/* End PBXFileReference section */

/* Begin PBXFrameworksBuildPhase section */
		DE8880AC2486ADC500BB4C7B /* Frameworks */ = {
			isa = PBXFrameworksBuildPhase;
			buildActionMask = 2147483647;
			files = (
				DE8880C42486B6DE00BB4C7B /* KeychainSwift in Frameworks */,
			);
			runOnlyForDeploymentPostprocessing = 0;
		};
/* End PBXFrameworksBuildPhase section */

/* Begin PBXGroup section */
		DE8880A62486ADC500BB4C7B = {
			isa = PBXGroup;
			children = (
				DE8880B12486ADC500BB4C7B /* WeatherBad */,
				DE8880B02486ADC500BB4C7B /* Products */,
			);
			sourceTree = "<group>";
		};
		DE8880B02486ADC500BB4C7B /* Products */ = {
			isa = PBXGroup;
			children = (
				DE8880AF2486ADC500BB4C7B /* WeatherBad.app */,
			);
			name = Products;
			sourceTree = "<group>";
		};
		DE8880B12486ADC500BB4C7B /* WeatherBad */ = {
			isa = PBXGroup;
			children = (
				DE8880B22486ADC500BB4C7B /* AppDelegate.swift */,
				DE8880B42486ADC500BB4C7B /* ViewController.swift */,
				DE8880C52486C02300BB4C7B /* OpenWeatherMap.swift */,
				DECBB77E2487953F00A6584A /* OpenWeatherMapResponse.swift */,
				DE8880B62486ADC600BB4C7B /* Assets.xcassets */,
				DE8880B82486ADC600BB4C7B /* Main.storyboard */,
				DE8880BB2486ADC600BB4C7B /* Info.plist */,
				DE8880BC2486ADC600BB4C7B /* WeatherBad.entitlements */,
			);
			path = WeatherBad;
			sourceTree = "<group>";
		};
/* End PBXGroup section */

/* Begin PBXNativeTarget section */
		DE8880AE2486ADC500BB4C7B /* WeatherBad */ = {
			isa = PBXNativeTarget;
			buildConfigurationList = DE8880BF2486ADC600BB4C7B /* Build configuration list for PBXNativeTarget "WeatherBad" */;
			buildPhases = (
				DE8880AB2486ADC500BB4C7B /* Sources */,
				DE8880AC2486ADC500BB4C7B /* Frameworks */,
				DE8880AD2486ADC500BB4C7B /* Resources */,
			);
			buildRules = (
			);
			dependencies = (
			);
			name = WeatherBad;
			packageProductDependencies = (
				DE8880C32486B6DE00BB4C7B /* KeychainSwift */,
			);
			productName = WeatherBad;
			productReference = DE8880AF2486ADC500BB4C7B /* WeatherBad.app */;
			productType = "com.apple.product-type.application";
		};
/* End PBXNativeTarget section */

/* Begin PBXProject section */
		DE8880A72486ADC500BB4C7B /* Project object */ = {
			isa = PBXProject;
			attributes = {
				LastSwiftUpdateCheck = 1150;
				LastUpgradeCheck = 1150;
				ORGANIZATIONNAME = jakcharvat;
				TargetAttributes = {
					DE8880AE2486ADC500BB4C7B = {
						CreatedOnToolsVersion = 11.5;
					};
				};
			};
			buildConfigurationList = DE8880AA2486ADC500BB4C7B /* Build configuration list for PBXProject "WeatherBad" */;
			compatibilityVersion = "Xcode 9.3";
			developmentRegion = en;
			hasScannedForEncodings = 0;
			knownRegions = (
				en,
				Base,
			);
			mainGroup = DE8880A62486ADC500BB4C7B;
			packageReferences = (
				DE8880C22486B6DE00BB4C7B /* XCRemoteSwiftPackageReference "keychain-swift" */,
			);
			productRefGroup = DE8880B02486ADC500BB4C7B /* Products */;
			projectDirPath = "";
			projectRoot = "";
			targets = (
				DE8880AE2486ADC500BB4C7B /* WeatherBad */,
			);
		};
/* End PBXProject section */

/* Begin PBXResourcesBuildPhase section */
		DE8880AD2486ADC500BB4C7B /* Resources */ = {
			isa = PBXResourcesBuildPhase;
			buildActionMask = 2147483647;
			files = (
				DE8880B72486ADC600BB4C7B /* Assets.xcassets in Resources */,
				DE8880BA2486ADC600BB4C7B /* Main.storyboard in Resources */,
			);
			runOnlyForDeploymentPostprocessing = 0;
		};
/* End PBXResourcesBuildPhase section */

/* Begin PBXSourcesBuildPhase section */
		DE8880AB2486ADC500BB4C7B /* Sources */ = {
			isa = PBXSourcesBuildPhase;
			buildActionMask = 2147483647;
			files = (
				DE8880C62486C02300BB4C7B /* OpenWeatherMap.swift in Sources */,
				DE8880B52486ADC500BB4C7B /* ViewController.swift in Sources */,
				DECBB77F2487953F00A6584A /* OpenWeatherMapResponse.swift in Sources */,
				DE8880B32486ADC500BB4C7B /* AppDelegate.swift in Sources */,
			);
			runOnlyForDeploymentPostprocessing = 0;
		};
/* End PBXSourcesBuildPhase section */

/* Begin PBXVariantGroup section */
		DE8880B82486ADC600BB4C7B /* Main.storyboard */ = {
			isa = PBXVariantGroup;
			children = (
				DE8880B92486ADC600BB4C7B /* Base */,
			);
			name = Main.storyboard;
			sourceTree = "<group>";
		};
/* End PBXVariantGroup section */

/* Begin XCBuildConfiguration section */
		DE8880BD2486ADC600BB4C7B /* Debug */ = {
			isa = XCBuildConfiguration;
			buildSettings = {
				ALWAYS_SEARCH_USER_PATHS = NO;
				CLANG_ANALYZER_NONNULL = YES;
				CLANG_ANALYZER_NUMBER_OBJECT_CONVERSION = YES_AGGRESSIVE;
				CLANG_CXX_LANGUAGE_STANDARD = "gnu++14";
				CLANG_CXX_LIBRARY = "libc++";
				CLANG_ENABLE_MODULES = YES;
				CLANG_ENABLE_OBJC_ARC = YES;
				CLANG_ENABLE_OBJC_WEAK = YES;
				CLANG_WARN_BLOCK_CAPTURE_AUTORELEASING = YES;
				CLANG_WARN_BOOL_CONVERSION = YES;
				CLANG_WARN_COMMA = YES;
				CLANG_WARN_CONSTANT_CONVERSION = YES;
				CLANG_WARN_DEPRECATED_OBJC_IMPLEMENTATIONS = YES;
				CLANG_WARN_DIRECT_OBJC_ISA_USAGE = YES_ERROR;
				CLANG_WARN_DOCUMENTATION_COMMENTS = YES;
				CLANG_WARN_EMPTY_BODY = YES;
				CLANG_WARN_ENUM_CONVERSION = YES;
				CLANG_WARN_INFINITE_RECURSION = YES;
				CLANG_WARN_INT_CONVERSION = YES;
				CLANG_WARN_NON_LITERAL_NULL_CONVERSION = YES;
				CLANG_WARN_OBJC_IMPLICIT_RETAIN_SELF = YES;
				CLANG_WARN_OBJC_LITERAL_CONVERSION = YES;
				CLANG_WARN_OBJC_ROOT_CLASS = YES_ERROR;
				CLANG_WARN_RANGE_LOOP_ANALYSIS = YES;
				CLANG_WARN_STRICT_PROTOTYPES = YES;
				CLANG_WARN_SUSPICIOUS_MOVE = YES;
				CLANG_WARN_UNGUARDED_AVAILABILITY = YES_AGGRESSIVE;
				CLANG_WARN_UNREACHABLE_CODE = YES;
				CLANG_WARN__DUPLICATE_METHOD_MATCH = YES;
				COPY_PHASE_STRIP = NO;
				DEBUG_INFORMATION_FORMAT = dwarf;
				ENABLE_STRICT_OBJC_MSGSEND = YES;
				ENABLE_TESTABILITY = YES;
				GCC_C_LANGUAGE_STANDARD = gnu11;
				GCC_DYNAMIC_NO_PIC = NO;
				GCC_NO_COMMON_BLOCKS = YES;
				GCC_OPTIMIZATION_LEVEL = 0;
				GCC_PREPROCESSOR_DEFINITIONS = (
					"DEBUG=1",
					"$(inherited)",
				);
				GCC_WARN_64_TO_32_BIT_CONVERSION = YES;
				GCC_WARN_ABOUT_RETURN_TYPE = YES_ERROR;
				GCC_WARN_UNDECLARED_SELECTOR = YES;
				GCC_WARN_UNINITIALIZED_AUTOS = YES_AGGRESSIVE;
				GCC_WARN_UNUSED_FUNCTION = YES;
				GCC_WARN_UNUSED_VARIABLE = YES;
				MACOSX_DEPLOYMENT_TARGET = 10.15;
				MTL_ENABLE_DEBUG_INFO = INCLUDE_SOURCE;
				MTL_FAST_MATH = YES;
				ONLY_ACTIVE_ARCH = YES;
				SDKROOT = macosx;
				SWIFT_ACTIVE_COMPILATION_CONDITIONS = DEBUG;
				SWIFT_OPTIMIZATION_LEVEL = "-Onone";
			};
			name = Debug;
		};
		DE8880BE2486ADC600BB4C7B /* Release */ = {
			isa = XCBuildConfiguration;
			buildSettings = {
				ALWAYS_SEARCH_USER_PATHS = NO;
				CLANG_ANALYZER_NONNULL = YES;
				CLANG_ANALYZER_NUMBER_OBJECT_CONVERSION = YES_AGGRESSIVE;
				CLANG_CXX_LANGUAGE_STANDARD = "gnu++14";
				CLANG_CXX_LIBRARY = "libc++";
				CLANG_ENABLE_MODULES = YES;
				CLANG_ENABLE_OBJC_ARC = YES;
				CLANG_ENABLE_OBJC_WEAK = YES;
				CLANG_WARN_BLOCK_CAPTURE_AUTORELEASING = YES;
				CLANG_WARN_BOOL_CONVERSION = YES;
				CLANG_WARN_COMMA = YES;
				CLANG_WARN_CONSTANT_CONVERSION = YES;
				CLANG_WARN_DEPRECATED_OBJC_IMPLEMENTATIONS = YES;
				CLANG_WARN_DIRECT_OBJC_ISA_USAGE = YES_ERROR;
				CLANG_WARN_DOCUMENTATION_COMMENTS = YES;
				CLANG_WARN_EMPTY_BODY = YES;
				CLANG_WARN_ENUM_CONVERSION = YES;
				CLANG_WARN_INFINITE_RECURSION = YES;
				CLANG_WARN_INT_CONVERSION = YES;
				CLANG_WARN_NON_LITERAL_NULL_CONVERSION = YES;
				CLANG_WARN_OBJC_IMPLICIT_RETAIN_SELF = YES;
				CLANG_WARN_OBJC_LITERAL_CONVERSION = YES;
				CLANG_WARN_OBJC_ROOT_CLASS = YES_ERROR;
				CLANG_WARN_RANGE_LOOP_ANALYSIS = YES;
				CLANG_WARN_STRICT_PROTOTYPES = YES;
				CLANG_WARN_SUSPICIOUS_MOVE = YES;
				CLANG_WARN_UNGUARDED_AVAILABILITY = YES_AGGRESSIVE;
				CLANG_WARN_UNREACHABLE_CODE = YES;
				CLANG_WARN__DUPLICATE_METHOD_MATCH = YES;
				COPY_PHASE_STRIP = NO;
				DEBUG_INFORMATION_FORMAT = "dwarf-with-dsym";
				ENABLE_NS_ASSERTIONS = NO;
				ENABLE_STRICT_OBJC_MSGSEND = YES;
				GCC_C_LANGUAGE_STANDARD = gnu11;
				GCC_NO_COMMON_BLOCKS = YES;
				GCC_WARN_64_TO_32_BIT_CONVERSION = YES;
				GCC_WARN_ABOUT_RETURN_TYPE = YES_ERROR;
				GCC_WARN_UNDECLARED_SELECTOR = YES;
				GCC_WARN_UNINITIALIZED_AUTOS = YES_AGGRESSIVE;
				GCC_WARN_UNUSED_FUNCTION = YES;
				GCC_WARN_UNUSED_VARIABLE = YES;
				MACOSX_DEPLOYMENT_TARGET = 10.15;
				MTL_ENABLE_DEBUG_INFO = NO;
				MTL_FAST_MATH = YES;
				SDKROOT = macosx;
				SWIFT_COMPILATION_MODE = wholemodule;
				SWIFT_OPTIMIZATION_LEVEL = "-O";
			};
			name = Release;
		};
		DE8880C02486ADC600BB4C7B /* Debug */ = {
			isa = XCBuildConfiguration;
			buildSettings = {
				ASSETCATALOG_COMPILER_APPICON_NAME = AppIcon;
				CODE_SIGN_ENTITLEMENTS = WeatherBad/WeatherBad.entitlements;
				CODE_SIGN_IDENTITY = "Apple Development";
				CODE_SIGN_STYLE = Automatic;
				COMBINE_HIDPI_IMAGES = YES;
				DEVELOPMENT_TEAM = P4L2M42FLR;
				ENABLE_HARDENED_RUNTIME = YES;
				INFOPLIST_FILE = WeatherBad/Info.plist;
				LD_RUNPATH_SEARCH_PATHS = (
					"$(inherited)",
					"@executable_path/../Frameworks",
				);
				PRODUCT_BUNDLE_IDENTIFIER = dev.jakcharvat.WeatherBad;
				PRODUCT_NAME = "$(TARGET_NAME)";
				SWIFT_VERSION = 5.0;
			};
			name = Debug;
		};
		DE8880C12486ADC600BB4C7B /* Release */ = {
			isa = XCBuildConfiguration;
			buildSettings = {
				ASSETCATALOG_COMPILER_APPICON_NAME = AppIcon;
				CODE_SIGN_ENTITLEMENTS = WeatherBad/WeatherBad.entitlements;
				CODE_SIGN_IDENTITY = "Apple Development";
				CODE_SIGN_STYLE = Automatic;
				COMBINE_HIDPI_IMAGES = YES;
				DEVELOPMENT_TEAM = P4L2M42FLR;
				ENABLE_HARDENED_RUNTIME = YES;
				INFOPLIST_FILE = WeatherBad/Info.plist;
				LD_RUNPATH_SEARCH_PATHS = (
					"$(inherited)",
					"@executable_path/../Frameworks",
				);
				PRODUCT_BUNDLE_IDENTIFIER = dev.jakcharvat.WeatherBad;
				PRODUCT_NAME = "$(TARGET_NAME)";
				SWIFT_VERSION = 5.0;
			};
			name = Release;
		};
/* End XCBuildConfiguration section */

/* Begin XCConfigurationList section */
		DE8880AA2486ADC500BB4C7B /* Build configuration list for PBXProject "WeatherBad" */ = {
			isa = XCConfigurationList;
			buildConfigurations = (
				DE8880BD2486ADC600BB4C7B /* Debug */,
				DE8880BE2486ADC600BB4C7B /* Release */,
			);
			defaultConfigurationIsVisible = 0;
			defaultConfigurationName = Release;
		};
		DE8880BF2486ADC600BB4C7B /* Build configuration list for PBXNativeTarget "WeatherBad" */ = {
			isa = XCConfigurationList;
			buildConfigurations = (
				DE8880C02486ADC600BB4C7B /* Debug */,
				DE8880C12486ADC600BB4C7B /* Release */,
			);
			defaultConfigurationIsVisible = 0;
			defaultConfigurationName = Release;
		};
/* End XCConfigurationList section */

/* Begin XCRemoteSwiftPackageReference section */
		DE8880C22486B6DE00BB4C7B /* XCRemoteSwiftPackageReference "keychain-swift" */ = {
			isa = XCRemoteSwiftPackageReference;
			repositoryURL = "https://github.com/evgenyneu/keychain-swift.git";
			requirement = {
				kind = upToNextMajorVersion;
				minimumVersion = 19.0.0;
			};
		};
/* End XCRemoteSwiftPackageReference section */

/* Begin XCSwiftPackageProductDependency section */
		DE8880C32486B6DE00BB4C7B /* KeychainSwift */ = {
			isa = XCSwiftPackageProductDependency;
			package = DE8880C22486B6DE00BB4C7B /* XCRemoteSwiftPackageReference "keychain-swift" */;
			productName = KeychainSwift;
		};
/* End XCSwiftPackageProductDependency section */
	};
	rootObject = DE8880A72486ADC500BB4C7B /* Project object */;
}
